// !$*UTF8*$!
{
	archiveVersion = 1;
	classes = {
	};
	objectVersion = 56;
	objects = {

/* Begin PBXBuildFile section */
		4F590BC12D500DDB008341D5 /* SplashFlowDelegate.swift in Sources */ = {isa = PBXBuildFile; fileRef = 4F590BC02D500DDB008341D5 /* SplashFlowDelegate.swift */; };
		4F590BC32D501434008341D5 /* Typography.swift in Sources */ = {isa = PBXBuildFile; fileRef = 4F590BC22D501434008341D5 /* Typography.swift */; };
		4F860E1A2D77AB4500646E61 /* HomeView.swift in Sources */ = {isa = PBXBuildFile; fileRef = 4F860E192D77AB4500646E61 /* HomeView.swift */; };
		4F860E1C2D77AB5E00646E61 /* HomeViewController.swift in Sources */ = {isa = PBXBuildFile; fileRef = 4F860E1B2D77AB5E00646E61 /* HomeViewController.swift */; };
		4F860E1F2D77ABD500646E61 /* PlaceTableViewCell.swift in Sources */ = {isa = PBXBuildFile; fileRef = 4F860E1E2D77ABD500646E61 /* PlaceTableViewCell.swift */; };
		4FC111202D4C6DB000A89189 /* Assets.xcassets in Resources */ = {isa = PBXBuildFile; fileRef = 4FC1111F2D4C6DB000A89189 /* Assets.xcassets */; };
		4FC111242D4EB91F00A89189 /* SplashViewController.swift in Sources */ = {isa = PBXBuildFile; fileRef = 4FC111232D4EB91F00A89189 /* SplashViewController.swift */; };
		4FC111262D4EB98D00A89189 /* SplashView.swift in Sources */ = {isa = PBXBuildFile; fileRef = 4FC111252D4EB98D00A89189 /* SplashView.swift */; };
		4FC111292D4ED0D000A89189 /* TipsView.swift in Sources */ = {isa = PBXBuildFile; fileRef = 4FC111282D4ED0D000A89189 /* TipsView.swift */; };
		4FC1112C2D4ED8E800A89189 /* WelcomeView.swift in Sources */ = {isa = PBXBuildFile; fileRef = 4FC1112B2D4ED8E800A89189 /* WelcomeView.swift */; };
		4FC1112E2D4EE52E00A89189 /* WelcomeViewController.swift in Sources */ = {isa = PBXBuildFile; fileRef = 4FC1112D2D4EE52E00A89189 /* WelcomeViewController.swift */; };
		4FC111312D4EE5D600A89189 /* UIViewControllerExt.swift in Sources */ = {isa = PBXBuildFile; fileRef = 4FC111302D4EE5D600A89189 /* UIViewControllerExt.swift */; };
		4FFDEF3F2D4C5F2E00608E7C /* Colors.swift in Sources */ = {isa = PBXBuildFile; fileRef = 4FFDEF3E2D4C5F2E00608E7C /* Colors.swift */; };
		4FFDEF422D4C60D100608E7C /* NearbyFlowController.swift in Sources */ = {isa = PBXBuildFile; fileRef = 4FFDEF412D4C60D100608E7C /* NearbyFlowController.swift */; };
		A9E7FD832CD93BFE001A762A /* AppDelegate.swift in Sources */ = {isa = PBXBuildFile; fileRef = A9E7FD822CD93BFE001A762A /* AppDelegate.swift */; };
		A9E7FD852CD93BFE001A762A /* SceneDelegate.swift in Sources */ = {isa = PBXBuildFile; fileRef = A9E7FD842CD93BFE001A762A /* SceneDelegate.swift */; };
/* End PBXBuildFile section */

/* Begin PBXFileReference section */
		4F590BC02D500DDB008341D5 /* SplashFlowDelegate.swift */ = {isa = PBXFileReference; lastKnownFileType = sourcecode.swift; path = SplashFlowDelegate.swift; sourceTree = "<group>"; };
		4F590BC22D501434008341D5 /* Typography.swift */ = {isa = PBXFileReference; lastKnownFileType = sourcecode.swift; path = Typography.swift; sourceTree = "<group>"; };
		4F860E192D77AB4500646E61 /* HomeView.swift */ = {isa = PBXFileReference; lastKnownFileType = sourcecode.swift; path = HomeView.swift; sourceTree = "<group>"; };
		4F860E1B2D77AB5E00646E61 /* HomeViewController.swift */ = {isa = PBXFileReference; lastKnownFileType = sourcecode.swift; path = HomeViewController.swift; sourceTree = "<group>"; };
		4F860E1E2D77ABD500646E61 /* PlaceTableViewCell.swift */ = {isa = PBXFileReference; lastKnownFileType = sourcecode.swift; path = PlaceTableViewCell.swift; sourceTree = "<group>"; };
		4FC1111F2D4C6DB000A89189 /* Assets.xcassets */ = {isa = PBXFileReference; lastKnownFileType = folder.assetcatalog; name = Assets.xcassets; path = "../../../../Development/NLW - Swift/Resources/Assets.xcassets"; sourceTree = "<group>"; };
		4FC111232D4EB91F00A89189 /* SplashViewController.swift */ = {isa = PBXFileReference; lastKnownFileType = sourcecode.swift; path = SplashViewController.swift; sourceTree = "<group>"; };
		4FC111252D4EB98D00A89189 /* SplashView.swift */ = {isa = PBXFileReference; lastKnownFileType = sourcecode.swift; path = SplashView.swift; sourceTree = "<group>"; };
		4FC111282D4ED0D000A89189 /* TipsView.swift */ = {isa = PBXFileReference; lastKnownFileType = sourcecode.swift; path = TipsView.swift; sourceTree = "<group>"; };
		4FC1112B2D4ED8E800A89189 /* WelcomeView.swift */ = {isa = PBXFileReference; lastKnownFileType = sourcecode.swift; path = WelcomeView.swift; sourceTree = "<group>"; };
		4FC1112D2D4EE52E00A89189 /* WelcomeViewController.swift */ = {isa = PBXFileReference; lastKnownFileType = sourcecode.swift; path = WelcomeViewController.swift; sourceTree = "<group>"; };
		4FC111302D4EE5D600A89189 /* UIViewControllerExt.swift */ = {isa = PBXFileReference; lastKnownFileType = sourcecode.swift; path = UIViewControllerExt.swift; sourceTree = "<group>"; };
		4FC111322D4FC69D00A89189 /* README.md */ = {isa = PBXFileReference; lastKnownFileType = net.daringfireball.markdown; path = README.md; sourceTree = "<group>"; };
		4FFDEF3E2D4C5F2E00608E7C /* Colors.swift */ = {isa = PBXFileReference; lastKnownFileType = sourcecode.swift; path = Colors.swift; sourceTree = "<group>"; };
		4FFDEF412D4C60D100608E7C /* NearbyFlowController.swift */ = {isa = PBXFileReference; lastKnownFileType = sourcecode.swift; path = NearbyFlowController.swift; sourceTree = "<group>"; };
		A9E7FD7F2CD93BFE001A762A /* NearbyApp NLW.app */ = {isa = PBXFileReference; explicitFileType = wrapper.application; includeInIndex = 0; path = "NearbyApp NLW.app"; sourceTree = BUILT_PRODUCTS_DIR; };
		A9E7FD822CD93BFE001A762A /* AppDelegate.swift */ = {isa = PBXFileReference; lastKnownFileType = sourcecode.swift; path = AppDelegate.swift; sourceTree = "<group>"; };
		A9E7FD842CD93BFE001A762A /* SceneDelegate.swift */ = {isa = PBXFileReference; lastKnownFileType = sourcecode.swift; path = SceneDelegate.swift; sourceTree = "<group>"; };
		A9E7FD902CD93C01001A762A /* Info.plist */ = {isa = PBXFileReference; lastKnownFileType = text.plist.xml; path = Info.plist; sourceTree = "<group>"; };
/* End PBXFileReference section */

/* Begin PBXFrameworksBuildPhase section */
		A9E7FD7C2CD93BFE001A762A /* Frameworks */ = {
			isa = PBXFrameworksBuildPhase;
			buildActionMask = 2147483647;
			files = (
			);
			runOnlyForDeploymentPostprocessing = 0;
		};
/* End PBXFrameworksBuildPhase section */

/* Begin PBXGroup section */
		4F860E182D77AB0200646E61 /* HomeView */ = {
			isa = PBXGroup;
			children = (
				4F860E1D2D77ABB800646E61 /* TableViewCell */,
				4F860E192D77AB4500646E61 /* HomeView.swift */,
				4F860E1B2D77AB5E00646E61 /* HomeViewController.swift */,
			);
			path = HomeView;
			sourceTree = "<group>";
		};
		4F860E1D2D77ABB800646E61 /* TableViewCell */ = {
			isa = PBXGroup;
			children = (
				4F860E1E2D77ABD500646E61 /* PlaceTableViewCell.swift */,
			);
			path = TableViewCell;
			sourceTree = "<group>";
		};
		4FC111212D4EB8DD00A89189 /* Scenes */ = {
			isa = PBXGroup;
			children = (
				4F860E182D77AB0200646E61 /* HomeView */,
				4FC1112A2D4ED8C600A89189 /* WelcomeView */,
				4FC111222D4EB8FA00A89189 /* Splash */,
			);
			path = Scenes;
			sourceTree = "<group>";
		};
		4FC111222D4EB8FA00A89189 /* Splash */ = {
			isa = PBXGroup;
			children = (
				4FC111232D4EB91F00A89189 /* SplashViewController.swift */,
				4FC111252D4EB98D00A89189 /* SplashView.swift */,
				4F590BC02D500DDB008341D5 /* SplashFlowDelegate.swift */,
			);
			path = Splash;
			sourceTree = "<group>";
		};
		4FC111272D4ED0AB00A89189 /* Components */ = {
			isa = PBXGroup;
			children = (
				4FC111282D4ED0D000A89189 /* TipsView.swift */,
			);
			path = Components;
			sourceTree = "<group>";
		};
		4FC1112A2D4ED8C600A89189 /* WelcomeView */ = {
			isa = PBXGroup;
			children = (
				4FC1112B2D4ED8E800A89189 /* WelcomeView.swift */,
				4FC1112D2D4EE52E00A89189 /* WelcomeViewController.swift */,
			);
			path = WelcomeView;
			sourceTree = "<group>";
		};
		4FC1112F2D4EE5B700A89189 /* Extensions */ = {
			isa = PBXGroup;
			children = (
				4FC111302D4EE5D600A89189 /* UIViewControllerExt.swift */,
			);
			path = Extensions;
			sourceTree = "<group>";
		};
		4FFDEF402D4C607300608E7C /* Coordinator */ = {
			isa = PBXGroup;
			children = (
				4FFDEF412D4C60D100608E7C /* NearbyFlowController.swift */,
			);
			path = Coordinator;
			sourceTree = "<group>";
		};
		A9E7FD762CD93BFE001A762A = {
			isa = PBXGroup;
			children = (
				A9E7FD812CD93BFE001A762A /* NearbyApp NLW */,
				A9E7FD802CD93BFE001A762A /* Products */,
			);
			sourceTree = "<group>";
		};
		A9E7FD802CD93BFE001A762A /* Products */ = {
			isa = PBXGroup;
			children = (
				A9E7FD7F2CD93BFE001A762A /* NearbyApp NLW.app */,
			);
			name = Products;
			sourceTree = "<group>";
		};
		A9E7FD812CD93BFE001A762A /* NearbyApp NLW */ = {
			isa = PBXGroup;
			children = (
				A9E7FD902CD93C01001A762A /* Info.plist */,
				A9E7FD972CD93C1C001A762A /* Resources */,
				A9E7FD962CD93C17001A762A /* Sources */,
				A9E7FD822CD93BFE001A762A /* AppDelegate.swift */,
				A9E7FD842CD93BFE001A762A /* SceneDelegate.swift */,
				4FC111322D4FC69D00A89189 /* README.md */,
			);
			path = "NearbyApp NLW";
			sourceTree = "<group>";
		};
		A9E7FD962CD93C17001A762A /* Sources */ = {
			isa = PBXGroup;
			children = (
				A9E7FD992CD93C84001A762A /* Constants */,
				A9E7FD982CD93C7F001A762A /* Features */,
			);
			path = Sources;
			sourceTree = "<group>";
		};
		A9E7FD972CD93C1C001A762A /* Resources */ = {
			isa = PBXGroup;
			children = (
				4FC1111F2D4C6DB000A89189 /* Assets.xcassets */,
			);
			path = Resources;
			sourceTree = "<group>";
		};
		A9E7FD982CD93C7F001A762A /* Features */ = {
			isa = PBXGroup;
			children = (
				4FC1112F2D4EE5B700A89189 /* Extensions */,
				4FC111272D4ED0AB00A89189 /* Components */,
				4FC111212D4EB8DD00A89189 /* Scenes */,
				4FFDEF402D4C607300608E7C /* Coordinator */,
			);
			path = Features;
			sourceTree = "<group>";
		};
		A9E7FD992CD93C84001A762A /* Constants */ = {
			isa = PBXGroup;
			children = (
				4FFDEF3E2D4C5F2E00608E7C /* Colors.swift */,
				4F590BC22D501434008341D5 /* Typography.swift */,
			);
			path = Constants;
			sourceTree = "<group>";
		};
/* End PBXGroup section */

/* Begin PBXNativeTarget section */
		A9E7FD7E2CD93BFE001A762A /* NearbyApp NLW */ = {
			isa = PBXNativeTarget;
			buildConfigurationList = A9E7FD932CD93C01001A762A /* Build configuration list for PBXNativeTarget "NearbyApp NLW" */;
			buildPhases = (
				A9E7FD7B2CD93BFE001A762A /* Sources */,
				A9E7FD7C2CD93BFE001A762A /* Frameworks */,
				A9E7FD7D2CD93BFE001A762A /* Resources */,
			);
			buildRules = (
			);
			dependencies = (
			);
			name = "NearbyApp NLW";
			productName = "NearbyApp NLW";
			productReference = A9E7FD7F2CD93BFE001A762A /* NearbyApp NLW.app */;
			productType = "com.apple.product-type.application";
		};
/* End PBXNativeTarget section */

/* Begin PBXProject section */
		A9E7FD772CD93BFE001A762A /* Project object */ = {
			isa = PBXProject;
			attributes = {
				BuildIndependentTargetsInParallel = 1;
				LastSwiftUpdateCheck = 1500;
				LastUpgradeCheck = 1500;
				TargetAttributes = {
					A9E7FD7E2CD93BFE001A762A = {
						CreatedOnToolsVersion = 15.0.1;
					};
				};
			};
			buildConfigurationList = A9E7FD7A2CD93BFE001A762A /* Build configuration list for PBXProject "NearbyApp NLW" */;
			compatibilityVersion = "Xcode 14.0";
			developmentRegion = en;
			hasScannedForEncodings = 0;
			knownRegions = (
				en,
				Base,
			);
			mainGroup = A9E7FD762CD93BFE001A762A;
			productRefGroup = A9E7FD802CD93BFE001A762A /* Products */;
			projectDirPath = "";
			projectRoot = "";
			targets = (
				A9E7FD7E2CD93BFE001A762A /* NearbyApp NLW */,
			);
		};
/* End PBXProject section */

/* Begin PBXResourcesBuildPhase section */
		A9E7FD7D2CD93BFE001A762A /* Resources */ = {
			isa = PBXResourcesBuildPhase;
			buildActionMask = 2147483647;
			files = (
				4FC111202D4C6DB000A89189 /* Assets.xcassets in Resources */,
			);
			runOnlyForDeploymentPostprocessing = 0;
		};
/* End PBXResourcesBuildPhase section */

/* Begin PBXSourcesBuildPhase section */
		A9E7FD7B2CD93BFE001A762A /* Sources */ = {
			isa = PBXSourcesBuildPhase;
			buildActionMask = 2147483647;
			files = (
				4F860E1F2D77ABD500646E61 /* PlaceTableViewCell.swift in Sources */,
				4FC111312D4EE5D600A89189 /* UIViewControllerExt.swift in Sources */,
				4FC1112E2D4EE52E00A89189 /* WelcomeViewController.swift in Sources */,
				4F860E1A2D77AB4500646E61 /* HomeView.swift in Sources */,
				A9E7FD832CD93BFE001A762A /* AppDelegate.swift in Sources */,
				4FFDEF3F2D4C5F2E00608E7C /* Colors.swift in Sources */,
				4F860E1C2D77AB5E00646E61 /* HomeViewController.swift in Sources */,
				4FFDEF422D4C60D100608E7C /* NearbyFlowController.swift in Sources */,
				4FC1112C2D4ED8E800A89189 /* WelcomeView.swift in Sources */,
				A9E7FD852CD93BFE001A762A /* SceneDelegate.swift in Sources */,
				4FC111292D4ED0D000A89189 /* TipsView.swift in Sources */,
				4FC111242D4EB91F00A89189 /* SplashViewController.swift in Sources */,
				4F590BC12D500DDB008341D5 /* SplashFlowDelegate.swift in Sources */,
				4F590BC32D501434008341D5 /* Typography.swift in Sources */,
				4FC111262D4EB98D00A89189 /* SplashView.swift in Sources */,
			);
			runOnlyForDeploymentPostprocessing = 0;
		};
/* End PBXSourcesBuildPhase section */

/* Begin XCBuildConfiguration section */
		A9E7FD912CD93C01001A762A /* Debug */ = {
			isa = XCBuildConfiguration;
			buildSettings = {
				ALWAYS_SEARCH_USER_PATHS = NO;
				ASSETCATALOG_COMPILER_GENERATE_SWIFT_ASSET_SYMBOL_EXTENSIONS = YES;
				CLANG_ANALYZER_NONNULL = YES;
				CLANG_ANALYZER_NUMBER_OBJECT_CONVERSION = YES_AGGRESSIVE;
				CLANG_CXX_LANGUAGE_STANDARD = "gnu++20";
				CLANG_ENABLE_MODULES = YES;
				CLANG_ENABLE_OBJC_ARC = YES;
				CLANG_ENABLE_OBJC_WEAK = YES;
				CLANG_WARN_BLOCK_CAPTURE_AUTORELEASING = YES;
				CLANG_WARN_BOOL_CONVERSION = YES;
				CLANG_WARN_COMMA = YES;
				CLANG_WARN_CONSTANT_CONVERSION = YES;
				CLANG_WARN_DEPRECATED_OBJC_IMPLEMENTATIONS = YES;
				CLANG_WARN_DIRECT_OBJC_ISA_USAGE = YES_ERROR;
				CLANG_WARN_DOCUMENTATION_COMMENTS = YES;
				CLANG_WARN_EMPTY_BODY = YES;
				CLANG_WARN_ENUM_CONVERSION = YES;
				CLANG_WARN_INFINITE_RECURSION = YES;
				CLANG_WARN_INT_CONVERSION = YES;
				CLANG_WARN_NON_LITERAL_NULL_CONVERSION = YES;
				CLANG_WARN_OBJC_IMPLICIT_RETAIN_SELF = YES;
				CLANG_WARN_OBJC_LITERAL_CONVERSION = YES;
				CLANG_WARN_OBJC_ROOT_CLASS = YES_ERROR;
				CLANG_WARN_QUOTED_INCLUDE_IN_FRAMEWORK_HEADER = YES;
				CLANG_WARN_RANGE_LOOP_ANALYSIS = YES;
				CLANG_WARN_STRICT_PROTOTYPES = YES;
				CLANG_WARN_SUSPICIOUS_MOVE = YES;
				CLANG_WARN_UNGUARDED_AVAILABILITY = YES_AGGRESSIVE;
				CLANG_WARN_UNREACHABLE_CODE = YES;
				CLANG_WARN__DUPLICATE_METHOD_MATCH = YES;
				COPY_PHASE_STRIP = NO;
				DEBUG_INFORMATION_FORMAT = dwarf;
				ENABLE_STRICT_OBJC_MSGSEND = YES;
				ENABLE_TESTABILITY = YES;
				ENABLE_USER_SCRIPT_SANDBOXING = YES;
				GCC_C_LANGUAGE_STANDARD = gnu17;
				GCC_DYNAMIC_NO_PIC = NO;
				GCC_NO_COMMON_BLOCKS = YES;
				GCC_OPTIMIZATION_LEVEL = 0;
				GCC_PREPROCESSOR_DEFINITIONS = (
					"DEBUG=1",
					"$(inherited)",
				);
				GCC_WARN_64_TO_32_BIT_CONVERSION = YES;
				GCC_WARN_ABOUT_RETURN_TYPE = YES_ERROR;
				GCC_WARN_UNDECLARED_SELECTOR = YES;
				GCC_WARN_UNINITIALIZED_AUTOS = YES_AGGRESSIVE;
				GCC_WARN_UNUSED_FUNCTION = YES;
				GCC_WARN_UNUSED_VARIABLE = YES;
				IPHONEOS_DEPLOYMENT_TARGET = 17.0;
				LOCALIZATION_PREFERS_STRING_CATALOGS = YES;
				MTL_ENABLE_DEBUG_INFO = INCLUDE_SOURCE;
				MTL_FAST_MATH = YES;
				ONLY_ACTIVE_ARCH = YES;
				SDKROOT = iphoneos;
				SWIFT_ACTIVE_COMPILATION_CONDITIONS = "DEBUG $(inherited)";
				SWIFT_OPTIMIZATION_LEVEL = "-Onone";
			};
			name = Debug;
		};
		A9E7FD922CD93C01001A762A /* Release */ = {
			isa = XCBuildConfiguration;
			buildSettings = {
				ALWAYS_SEARCH_USER_PATHS = NO;
				ASSETCATALOG_COMPILER_GENERATE_SWIFT_ASSET_SYMBOL_EXTENSIONS = YES;
				CLANG_ANALYZER_NONNULL = YES;
				CLANG_ANALYZER_NUMBER_OBJECT_CONVERSION = YES_AGGRESSIVE;
				CLANG_CXX_LANGUAGE_STANDARD = "gnu++20";
				CLANG_ENABLE_MODULES = YES;
				CLANG_ENABLE_OBJC_ARC = YES;
				CLANG_ENABLE_OBJC_WEAK = YES;
				CLANG_WARN_BLOCK_CAPTURE_AUTORELEASING = YES;
				CLANG_WARN_BOOL_CONVERSION = YES;
				CLANG_WARN_COMMA = YES;
				CLANG_WARN_CONSTANT_CONVERSION = YES;
				CLANG_WARN_DEPRECATED_OBJC_IMPLEMENTATIONS = YES;
				CLANG_WARN_DIRECT_OBJC_ISA_USAGE = YES_ERROR;
				CLANG_WARN_DOCUMENTATION_COMMENTS = YES;
				CLANG_WARN_EMPTY_BODY = YES;
				CLANG_WARN_ENUM_CONVERSION = YES;
				CLANG_WARN_INFINITE_RECURSION = YES;
				CLANG_WARN_INT_CONVERSION = YES;
				CLANG_WARN_NON_LITERAL_NULL_CONVERSION = YES;
				CLANG_WARN_OBJC_IMPLICIT_RETAIN_SELF = YES;
				CLANG_WARN_OBJC_LITERAL_CONVERSION = YES;
				CLANG_WARN_OBJC_ROOT_CLASS = YES_ERROR;
				CLANG_WARN_QUOTED_INCLUDE_IN_FRAMEWORK_HEADER = YES;
				CLANG_WARN_RANGE_LOOP_ANALYSIS = YES;
				CLANG_WARN_STRICT_PROTOTYPES = YES;
				CLANG_WARN_SUSPICIOUS_MOVE = YES;
				CLANG_WARN_UNGUARDED_AVAILABILITY = YES_AGGRESSIVE;
				CLANG_WARN_UNREACHABLE_CODE = YES;
				CLANG_WARN__DUPLICATE_METHOD_MATCH = YES;
				COPY_PHASE_STRIP = NO;
				DEBUG_INFORMATION_FORMAT = "dwarf-with-dsym";
				ENABLE_NS_ASSERTIONS = NO;
				ENABLE_STRICT_OBJC_MSGSEND = YES;
				ENABLE_USER_SCRIPT_SANDBOXING = YES;
				GCC_C_LANGUAGE_STANDARD = gnu17;
				GCC_NO_COMMON_BLOCKS = YES;
				GCC_WARN_64_TO_32_BIT_CONVERSION = YES;
				GCC_WARN_ABOUT_RETURN_TYPE = YES_ERROR;
				GCC_WARN_UNDECLARED_SELECTOR = YES;
				GCC_WARN_UNINITIALIZED_AUTOS = YES_AGGRESSIVE;
				GCC_WARN_UNUSED_FUNCTION = YES;
				GCC_WARN_UNUSED_VARIABLE = YES;
				IPHONEOS_DEPLOYMENT_TARGET = 17.0;
				LOCALIZATION_PREFERS_STRING_CATALOGS = YES;
				MTL_ENABLE_DEBUG_INFO = NO;
				MTL_FAST_MATH = YES;
				SDKROOT = iphoneos;
				SWIFT_COMPILATION_MODE = wholemodule;
				VALIDATE_PRODUCT = YES;
			};
			name = Release;
		};
		A9E7FD942CD93C01001A762A /* Debug */ = {
			isa = XCBuildConfiguration;
			buildSettings = {
				ASSETCATALOG_COMPILER_APPICON_NAME = AppIcon;
				ASSETCATALOG_COMPILER_GLOBAL_ACCENT_COLOR_NAME = AccentColor;
				CODE_SIGN_STYLE = Automatic;
				CURRENT_PROJECT_VERSION = 1;
				DEVELOPMENT_TEAM = ADG528D8YM;
				GENERATE_INFOPLIST_FILE = YES;
				INFOPLIST_FILE = "NearbyApp NLW/Info.plist";
				INFOPLIST_KEY_UIApplicationSupportsIndirectInputEvents = YES;
				INFOPLIST_KEY_UILaunchStoryboardName = SplashViewController;
				INFOPLIST_KEY_UISupportedInterfaceOrientations_iPad = "UIInterfaceOrientationPortrait UIInterfaceOrientationPortraitUpsideDown UIInterfaceOrientationLandscapeLeft UIInterfaceOrientationLandscapeRight";
				INFOPLIST_KEY_UISupportedInterfaceOrientations_iPhone = "UIInterfaceOrientationPortrait UIInterfaceOrientationLandscapeLeft UIInterfaceOrientationLandscapeRight";
				LD_RUNPATH_SEARCH_PATHS = (
					"$(inherited)",
					"@executable_path/Frameworks",
				);
				MARKETING_VERSION = 1.0;
				PRODUCT_BUNDLE_IDENTIFIER = "Abidu.NearbyApp-NLW";
				PRODUCT_NAME = "$(TARGET_NAME)";
				SWIFT_EMIT_LOC_STRINGS = YES;
				SWIFT_VERSION = 5.0;
				TARGETED_DEVICE_FAMILY = "1,2";
			};
			name = Debug;
		};
		A9E7FD952CD93C01001A762A /* Release */ = {
			isa = XCBuildConfiguration;
			buildSettings = {
				ASSETCATALOG_COMPILER_APPICON_NAME = AppIcon;
				ASSETCATALOG_COMPILER_GLOBAL_ACCENT_COLOR_NAME = AccentColor;
				CODE_SIGN_STYLE = Automatic;
				CURRENT_PROJECT_VERSION = 1;
				DEVELOPMENT_TEAM = ADG528D8YM;
				GENERATE_INFOPLIST_FILE = YES;
				INFOPLIST_FILE = "NearbyApp NLW/Info.plist";
				INFOPLIST_KEY_UIApplicationSupportsIndirectInputEvents = YES;
				INFOPLIST_KEY_UILaunchStoryboardName = SplashViewController;
				INFOPLIST_KEY_UISupportedInterfaceOrientations_iPad = "UIInterfaceOrientationPortrait UIInterfaceOrientationPortraitUpsideDown UIInterfaceOrientationLandscapeLeft UIInterfaceOrientationLandscapeRight";
				INFOPLIST_KEY_UISupportedInterfaceOrientations_iPhone = "UIInterfaceOrientationPortrait UIInterfaceOrientationLandscapeLeft UIInterfaceOrientationLandscapeRight";
				LD_RUNPATH_SEARCH_PATHS = (
					"$(inherited)",
					"@executable_path/Frameworks",
				);
				MARKETING_VERSION = 1.0;
				PRODUCT_BUNDLE_IDENTIFIER = "Abidu.NearbyApp-NLW";
				PRODUCT_NAME = "$(TARGET_NAME)";
				SWIFT_EMIT_LOC_STRINGS = YES;
				SWIFT_VERSION = 5.0;
				TARGETED_DEVICE_FAMILY = "1,2";
			};
			name = Release;
		};
/* End XCBuildConfiguration section */

/* Begin XCConfigurationList section */
		A9E7FD7A2CD93BFE001A762A /* Build configuration list for PBXProject "NearbyApp NLW" */ = {
			isa = XCConfigurationList;
			buildConfigurations = (
				A9E7FD912CD93C01001A762A /* Debug */,
				A9E7FD922CD93C01001A762A /* Release */,
			);
			defaultConfigurationIsVisible = 0;
			defaultConfigurationName = Release;
		};
		A9E7FD932CD93C01001A762A /* Build configuration list for PBXNativeTarget "NearbyApp NLW" */ = {
			isa = XCConfigurationList;
			buildConfigurations = (
				A9E7FD942CD93C01001A762A /* Debug */,
				A9E7FD952CD93C01001A762A /* Release */,
			);
			defaultConfigurationIsVisible = 0;
			defaultConfigurationName = Release;
		};
/* End XCConfigurationList section */
	};
	rootObject = A9E7FD772CD93BFE001A762A /* Project object */;
}
